# This file is autogenerated, do not edit; changes may be undone by the next 'dep ensure'.


[[projects]]
  name = "github.com/pkg/errors"
  packages = ["."]
  revision = "645ef00459ed84a119197bfb8d8205042c6df63d"
  version = "v0.8.0"

[[projects]]
  branch = "master"
  name = "golang.org/x/net"
  packages = ["context"]
  revision = "1e491301e022f8f977054da4c2d852decd59571f"

[[projects]]
  branch = "v1"
  name = "gopkg.in/check.v1"
  packages = ["."]
  revision = "20d25e2804050c1cd24a7eea1e7a6447dd0e74ec"

[[projects]]
  name = "gopkg.in/fatih/pool.v2"
  packages = ["."]
  revision = "010e0b745d12eaf8426c95f9c3924d81dd0b668f"
  version = "v2.0.0"

[solve-meta]
  analyzer-name = "dep"
  analyzer-version = 1
  inputs-digest = "89a1df317c09bbba790558bfd0a6b087dc5246640cdd631827791841ab4a7192"
  solver-name = "gps-cdcl"
  solver-version = 1
